
Microsoft Visual Studio Solution File, Format Version 12.00
# Visual Studio 15
VisualStudioVersion = 15.0.27703.2035
MinimumVisualStudioVersion = 10.0.40219.1
Project("{FAE04EC0-301F-11D3-BF4B-00C04F79EFBC}") = "MSH.LogSystem", "MSH.LogSystem\MSH.LogSystem.csproj", "{2F544254-CA59-4792-A36F-BDE72800B983}"
EndProject
Project("{2150E333-8FDC-42A3-9474-1A3956D46DE8}") = "BusinessLayer", "BusinessLayer", "{C1FBE129-6362-45A8-AFA4-BF7C2CF4497D}"
EndProject
Project("{FAE04EC0-301F-11D3-BF4B-00C04F79EFBC}") = "BusinessLayer.Interface", "BusinessLayer.Interface\BusinessLayer.Interface.csproj", "{5F01F959-252C-418D-8287-AE1C39B46FFE}"
EndProject
Project("{FAE04EC0-301F-11D3-BF4B-00C04F79EFBC}") = "BusinessLayer", "BusinessLayer\BusinessLayer.csproj", "{B79647C6-0BCA-4833-80B4-49E516BB7BC3}"
EndProject
Project("{2150E333-8FDC-42A3-9474-1A3956D46DE8}") = "ServiceHost", "ServiceHost", "{6A0D6EA4-5D8A-44C9-8D65-5AA0DD721D14}"
EndProject
Project("{2150E333-8FDC-42A3-9474-1A3956D46DE8}") = "Common", "Common", "{D41845E9-1406-4BDF-9197-9454D7EE3F80}"
EndProject
Project("{FAE04EC0-301F-11D3-BF4B-00C04F79EFBC}") = "Common", "Common\Common.csproj", "{7120044E-E2E5-473A-AF08-BD3C4264FFA0}"
EndProject
Project("{2150E333-8FDC-42A3-9474-1A3956D46DE8}") = "DataModels", "DataModels", "{CE7E4654-3930-4B6B-BBE3-ECD8425E5068}"
EndProject
Project("{FAE04EC0-301F-11D3-BF4B-00C04F79EFBC}") = "DTO", "DTO\DTO.csproj", "{CDF9B8F1-268F-448E-8B6D-BCA82EA5F55F}"
EndProject
Project("{FAE04EC0-301F-11D3-BF4B-00C04F79EFBC}") = "MSH.Log.WindowsService", "MSH.Log.WindowsService\MSH.Log.WindowsService.csproj", "{1EFA0A39-7B94-4CB0-A77E-40AD61D6E71E}"
EndProject
Project("{2150E333-8FDC-42A3-9474-1A3956D46DE8}") = "LogSystem.Core", "LogSystem.Core", "{5EB5FD14-B483-4546-B146-C0D8BD8EC5D9}"
EndProject
Project("{FAE04EC0-301F-11D3-BF4B-00C04F79EFBC}") = "Rabbitmq.Core", "Rabbitmq.Core\Rabbitmq.Core.csproj", "{F8C28C01-1D7D-41B5-AB0B-A77A855A0D5C}"
EndProject
Project("{2150E333-8FDC-42A3-9474-1A3956D46DE8}") = "Test", "Test", "{EFC69477-B74E-4A86-99A0-10CE9B255B67}"
EndProject
Project("{FAE04EC0-301F-11D3-BF4B-00C04F79EFBC}") = "TestProject", "TestProject\TestProject.csproj", "{BBB4782A-A9FB-45DC-A9E1-06CE78EFF062}"
EndProject
Global
	GlobalSection(SolutionConfigurationPlatforms) = preSolution
		Debug|Any CPU = Debug|Any CPU
		Release|Any CPU = Release|Any CPU
	EndGlobalSection
	GlobalSection(ProjectConfigurationPlatforms) = postSolution
		{2F544254-CA59-4792-A36F-BDE72800B983}.Debug|Any CPU.ActiveCfg = Debug|Any CPU
		{2F544254-CA59-4792-A36F-BDE72800B983}.Debug|Any CPU.Build.0 = Debug|Any CPU
		{2F544254-CA59-4792-A36F-BDE72800B983}.Release|Any CPU.ActiveCfg = Release|Any CPU
		{2F544254-CA59-4792-A36F-BDE72800B983}.Release|Any CPU.Build.0 = Release|Any CPU
		{5F01F959-252C-418D-8287-AE1C39B46FFE}.Debug|Any CPU.ActiveCfg = Debug|Any CPU
		{5F01F959-252C-418D-8287-AE1C39B46FFE}.Debug|Any CPU.Build.0 = Debug|Any CPU
		{5F01F959-252C-418D-8287-AE1C39B46FFE}.Release|Any CPU.ActiveCfg = Release|Any CPU
		{5F01F959-252C-418D-8287-AE1C39B46FFE}.Release|Any CPU.Build.0 = Release|Any CPU
		{B79647C6-0BCA-4833-80B4-49E516BB7BC3}.Debug|Any CPU.ActiveCfg = Debug|Any CPU
		{B79647C6-0BCA-4833-80B4-49E516BB7BC3}.Debug|Any CPU.Build.0 = Debug|Any CPU
		{B79647C6-0BCA-4833-80B4-49E516BB7BC3}.Release|Any CPU.ActiveCfg = Release|Any CPU
		{B79647C6-0BCA-4833-80B4-49E516BB7BC3}.Release|Any CPU.Build.0 = Release|Any CPU
		{7120044E-E2E5-473A-AF08-BD3C4264FFA0}.Debug|Any CPU.ActiveCfg = Debug|Any CPU
		{7120044E-E2E5-473A-AF08-BD3C4264FFA0}.Debug|Any CPU.Build.0 = Debug|Any CPU
		{7120044E-E2E5-473A-AF08-BD3C4264FFA0}.Release|Any CPU.ActiveCfg = Release|Any CPU
		{7120044E-E2E5-473A-AF08-BD3C4264FFA0}.Release|Any CPU.Build.0 = Release|Any CPU
		{CDF9B8F1-268F-448E-8B6D-BCA82EA5F55F}.Debug|Any CPU.ActiveCfg = Debug|Any CPU
		{CDF9B8F1-268F-448E-8B6D-BCA82EA5F55F}.Debug|Any CPU.Build.0 = Debug|Any CPU
		{CDF9B8F1-268F-448E-8B6D-BCA82EA5F55F}.Release|Any CPU.ActiveCfg = Release|Any CPU
		{CDF9B8F1-268F-448E-8B6D-BCA82EA5F55F}.Release|Any CPU.Build.0 = Release|Any CPU
		{1EFA0A39-7B94-4CB0-A77E-40AD61D6E71E}.Debug|Any CPU.ActiveCfg = Debug|Any CPU
		{1EFA0A39-7B94-4CB0-A77E-40AD61D6E71E}.Debug|Any CPU.Build.0 = Debug|Any CPU
		{1EFA0A39-7B94-4CB0-A77E-40AD61D6E71E}.Release|Any CPU.ActiveCfg = Release|Any CPU
		{1EFA0A39-7B94-4CB0-A77E-40AD61D6E71E}.Release|Any CPU.Build.0 = Release|Any CPU
		{F8C28C01-1D7D-41B5-AB0B-A77A855A0D5C}.Debug|Any CPU.ActiveCfg = Debug|Any CPU
		{F8C28C01-1D7D-41B5-AB0B-A77A855A0D5C}.Debug|Any CPU.Build.0 = Debug|Any CPU
		{F8C28C01-1D7D-41B5-AB0B-A77A855A0D5C}.Release|Any CPU.ActiveCfg = Release|Any CPU
		{F8C28C01-1D7D-41B5-AB0B-A77A855A0D5C}.Release|Any CPU.Build.0 = Release|Any CPU
		{BBB4782A-A9FB-45DC-A9E1-06CE78EFF062}.Debug|Any CPU.ActiveCfg = Debug|Any CPU
		{BBB4782A-A9FB-45DC-A9E1-06CE78EFF062}.Debug|Any CPU.Build.0 = Debug|Any CPU
		{BBB4782A-A9FB-45DC-A9E1-06CE78EFF062}.Release|Any CPU.ActiveCfg = Release|Any CPU
		{BBB4782A-A9FB-45DC-A9E1-06CE78EFF062}.Release|Any CPU.Build.0 = Release|Any CPU
	EndGlobalSection
	GlobalSection(SolutionProperties) = preSolution
		HideSolutionNode = FALSE
	EndGlobalSection
	GlobalSection(NestedProjects) = preSolution
		{2F544254-CA59-4792-A36F-BDE72800B983} = {6A0D6EA4-5D8A-44C9-8D65-5AA0DD721D14}
		{5F01F959-252C-418D-8287-AE1C39B46FFE} = {C1FBE129-6362-45A8-AFA4-BF7C2CF4497D}
		{B79647C6-0BCA-4833-80B4-49E516BB7BC3} = {C1FBE129-6362-45A8-AFA4-BF7C2CF4497D}
		{7120044E-E2E5-473A-AF08-BD3C4264FFA0} = {D41845E9-1406-4BDF-9197-9454D7EE3F80}
		{CDF9B8F1-268F-448E-8B6D-BCA82EA5F55F} = {CE7E4654-3930-4B6B-BBE3-ECD8425E5068}
		{1EFA0A39-7B94-4CB0-A77E-40AD61D6E71E} = {6A0D6EA4-5D8A-44C9-8D65-5AA0DD721D14}
		{F8C28C01-1D7D-41B5-AB0B-A77A855A0D5C} = {5EB5FD14-B483-4546-B146-C0D8BD8EC5D9}
		{BBB4782A-A9FB-45DC-A9E1-06CE78EFF062} = {EFC69477-B74E-4A86-99A0-10CE9B255B67}
	EndGlobalSection
	GlobalSection(ExtensibilityGlobals) = postSolution
		SolutionGuid = {FDD6FC7B-301A-49C6-B97E-DF1352D0EDC6}
	EndGlobalSection
EndGlobal
